
Microsoft Visual Studio Solution File, Format Version 10.00
# Visual Studio 2008
Project("{F184B08F-C81C-45F6-A57F-5ABD9991F28F}") = "WebApplication", "WebApplication\WebApplication.vbproj", "{AE863B57-4044-490A-BF75-EFAA105C9405}"
EndProject
Global
	GlobalSection(SolutionConfigurationPlatforms) = preSolution
		Debug|Any CPU = Debug|Any CPU
		Release|Any CPU = Release|Any CPU
	EndGlobalSection
	GlobalSection(ProjectConfigurationPlatforms) = postSolution
		{AE863B57-4044-490A-BF75-EFAA105C9405}.Debug|Any CPU.ActiveCfg = Debug|Any CPU
		{AE863B57-4044-490A-BF75-EFAA105C9405}.Debug|Any CPU.Build.0 = Debug|Any CPU
		{AE863B57-4044-490A-BF75-EFAA105C9405}.Release|Any CPU.ActiveCfg = Release|Any CPU
		{AE863B57-4044-490A-BF75-EFAA105C9405}.Release|Any CPU.Build.0 = Release|Any CPU
	EndGlobalSection
	GlobalSection(SolutionProperties) = preSolution
		HideSolutionNode = FALSE
	EndGlobalSection
EndGlobal
